
Microsoft Visual Studio Solution File, Format Version 12.00
# Visual Studio Version 17
VisualStudioVersion = 17.3.32825.248
MinimumVisualStudioVersion = 10.0.40219.1
Project("{9A19103F-16F7-4668-BE54-9A1E7A4F7556}") = "Lab02", "Lab02\Lab02.csproj", "{09225100-8C4C-4683-B85D-1DC41536E33B}"
EndProject
Project("{9A19103F-16F7-4668-BE54-9A1E7A4F7556}") = "ClassLibrary02", "ClassLibrary02\ClassLibrary02.csproj", "{B303CCE9-DFD3-40B1-BC8B-81FE7669421F}"
EndProject
Project("{9A19103F-16F7-4668-BE54-9A1E7A4F7556}") = "Task1(School)", "Task1(School)\Task1(School).csproj", "{5CE7037C-45FE-43B2-B4A3-1253DD108156}"
EndProject
Project("{9A19103F-16F7-4668-BE54-9A1E7A4F7556}") = "Task2(Vehicle)", "Task2(Vehicle)\Task2(Vehicle).csproj", "{C4D46FF5-A329-4B3C-A923-7709FB7CCB6C}"
EndProject
Project("{FAE04EC0-301F-11D3-BF4B-00C04F79EFBC}") = "Task3(Document)", "Task3(Document)\Task3(Document).csproj", "{C48A3060-6D3A-465F-8AF6-7A3318E4C954}"
EndProject
Global
	GlobalSection(SolutionConfigurationPlatforms) = preSolution
		Debug|Any CPU = Debug|Any CPU
		Release|Any CPU = Release|Any CPU
	EndGlobalSection
	GlobalSection(ProjectConfigurationPlatforms) = postSolution
		{09225100-8C4C-4683-B85D-1DC41536E33B}.Debug|Any CPU.ActiveCfg = Debug|Any CPU
		{09225100-8C4C-4683-B85D-1DC41536E33B}.Debug|Any CPU.Build.0 = Debug|Any CPU
		{09225100-8C4C-4683-B85D-1DC41536E33B}.Release|Any CPU.ActiveCfg = Release|Any CPU
		{09225100-8C4C-4683-B85D-1DC41536E33B}.Release|Any CPU.Build.0 = Release|Any CPU
		{B303CCE9-DFD3-40B1-BC8B-81FE7669421F}.Debug|Any CPU.ActiveCfg = Debug|Any CPU
		{B303CCE9-DFD3-40B1-BC8B-81FE7669421F}.Debug|Any CPU.Build.0 = Debug|Any CPU
		{B303CCE9-DFD3-40B1-BC8B-81FE7669421F}.Release|Any CPU.ActiveCfg = Release|Any CPU
		{B303CCE9-DFD3-40B1-BC8B-81FE7669421F}.Release|Any CPU.Build.0 = Release|Any CPU
		{5CE7037C-45FE-43B2-B4A3-1253DD108156}.Debug|Any CPU.ActiveCfg = Debug|Any CPU
		{5CE7037C-45FE-43B2-B4A3-1253DD108156}.Debug|Any CPU.Build.0 = Debug|Any CPU
		{5CE7037C-45FE-43B2-B4A3-1253DD108156}.Release|Any CPU.ActiveCfg = Release|Any CPU
		{5CE7037C-45FE-43B2-B4A3-1253DD108156}.Release|Any CPU.Build.0 = Release|Any CPU
		{C4D46FF5-A329-4B3C-A923-7709FB7CCB6C}.Debug|Any CPU.ActiveCfg = Debug|Any CPU
		{C4D46FF5-A329-4B3C-A923-7709FB7CCB6C}.Debug|Any CPU.Build.0 = Debug|Any CPU
		{C4D46FF5-A329-4B3C-A923-7709FB7CCB6C}.Release|Any CPU.ActiveCfg = Release|Any CPU
		{C4D46FF5-A329-4B3C-A923-7709FB7CCB6C}.Release|Any CPU.Build.0 = Release|Any CPU
		{C48A3060-6D3A-465F-8AF6-7A3318E4C954}.Debug|Any CPU.ActiveCfg = Debug|Any CPU
		{C48A3060-6D3A-465F-8AF6-7A3318E4C954}.Debug|Any CPU.Build.0 = Debug|Any CPU
		{C48A3060-6D3A-465F-8AF6-7A3318E4C954}.Release|Any CPU.ActiveCfg = Release|Any CPU
		{C48A3060-6D3A-465F-8AF6-7A3318E4C954}.Release|Any CPU.Build.0 = Release|Any CPU
	EndGlobalSection
	GlobalSection(SolutionProperties) = preSolution
		HideSolutionNode = FALSE
	EndGlobalSection
	GlobalSection(ExtensibilityGlobals) = postSolution
		SolutionGuid = {2ADE0A9B-56A0-4E21-8478-94FF1CD4F4D3}
	EndGlobalSection
EndGlobal
